{
  "name": "nested_tree_map",
  "version": "1.0.0",
  "lockfileVersion": 1,
  "requires": true,
  "dependencies": {
    "csv-parse": {
      "version": "4.8.8",
      "resolved": "https://registry.npmjs.org/csv-parse/-/csv-parse-4.8.8.tgz",
      "integrity": "sha512-Kv3Ilz2GV58dOoHBXRCTF8ijxlLjl80bG3d67XPI6DNqffb3AnbPbKr/WvCUMJq5V0AZYi6sukOaOQAVpfuVbg==",
      "dev": true
    },
    "fuzzy-search": {
      "version": "3.2.1",
      "resolved": "https://registry.npmjs.org/fuzzy-search/-/fuzzy-search-3.2.1.tgz",
      "integrity": "sha512-vAcPiyomt1ioKAsAL2uxSABHJ4Ju/e4UeDM+g1OlR0vV4YhLGMNsdLNvZTpEDY4JCSt0E4hASCNM5t2ETtsbyg==",
      "dev": true
    }
  }
}
