{
  "name": "raw",
  "version": "1.0.0",
  "lockfileVersion": 1,
  "requires": true,
  "dependencies": {
    "csv-parse": {
      "version": "4.8.5",
      "resolved": "https://registry.npmjs.org/csv-parse/-/csv-parse-4.8.5.tgz",
      "integrity": "sha512-rpsLmlLWJZifmLzZEVGbZ9phWnJyi+cCbCGYr4vX2NaHFtgbmQPFk+WmMkmMkQXgsIUn6CgnK9cTuUAfFjoXbA=="
    },
    "fuzzy-search": {
      "version": "3.2.1",
      "resolved": "https://registry.npmjs.org/fuzzy-search/-/fuzzy-search-3.2.1.tgz",
      "integrity": "sha512-vAcPiyomt1ioKAsAL2uxSABHJ4Ju/e4UeDM+g1OlR0vV4YhLGMNsdLNvZTpEDY4JCSt0E4hASCNM5t2ETtsbyg=="
    }
  }
}
